
Microsoft Visual Studio Solution File, Format Version 12.00
# Visual Studio Version 17
VisualStudioVersion = 17.7.33808.371
MinimumVisualStudioVersion = 10.0.40219.1
Project("{9A19103F-16F7-4668-BE54-9A1E7A4F7556}") = "Discout", "Discout.csproj", "{4E3706DF-3FBF-4790-B5F5-C3A60770ECFD}"
EndProject
Global
	GlobalSection(SolutionConfigurationPlatforms) = preSolution
		Debug|Any CPU = Debug|Any CPU
		Release|Any CPU = Release|Any CPU
	EndGlobalSection
	GlobalSection(ProjectConfigurationPlatforms) = postSolution
		{4E3706DF-3FBF-4790-B5F5-C3A60770ECFD}.Debug|Any CPU.ActiveCfg = Debug|Any CPU
		{4E3706DF-3FBF-4790-B5F5-C3A60770ECFD}.Debug|Any CPU.Build.0 = Debug|Any CPU
		{4E3706DF-3FBF-4790-B5F5-C3A60770ECFD}.Release|Any CPU.ActiveCfg = Release|Any CPU
		{4E3706DF-3FBF-4790-B5F5-C3A60770ECFD}.Release|Any CPU.Build.0 = Release|Any CPU
	EndGlobalSection
	GlobalSection(SolutionProperties) = preSolution
		HideSolutionNode = FALSE
	EndGlobalSection
	GlobalSection(ExtensibilityGlobals) = postSolution
		SolutionGuid = {87D3A751-7B58-4BF1-B4A6-511F235356FF}
	EndGlobalSection
EndGlobal
